
Microsoft Visual Studio Solution File, Format Version 12.00
# Visual Studio Version 16
VisualStudioVersion = 16.0.30011.22
MinimumVisualStudioVersion = 10.0.40219.1
Project("{FAE04EC0-301F-11D3-BF4B-00C04F79EFBC}") = "myfilm", "myfilm\myfilm.csproj", "{DF4FAC54-0B26-4966-A7EB-22235D260553}"
EndProject
Global
	GlobalSection(SolutionConfigurationPlatforms) = preSolution
		Debug|Any CPU = Debug|Any CPU
		Release|Any CPU = Release|Any CPU
	EndGlobalSection
	GlobalSection(ProjectConfigurationPlatforms) = postSolution
		{DF4FAC54-0B26-4966-A7EB-22235D260553}.Debug|Any CPU.ActiveCfg = Debug|Any CPU
		{DF4FAC54-0B26-4966-A7EB-22235D260553}.Debug|Any CPU.Build.0 = Debug|Any CPU
		{DF4FAC54-0B26-4966-A7EB-22235D260553}.Release|Any CPU.ActiveCfg = Release|Any CPU
		{DF4FAC54-0B26-4966-A7EB-22235D260553}.Release|Any CPU.Build.0 = Release|Any CPU
	EndGlobalSection
	GlobalSection(SolutionProperties) = preSolution
		HideSolutionNode = FALSE
	EndGlobalSection
	GlobalSection(ExtensibilityGlobals) = postSolution
		SolutionGuid = {37E64A0C-600A-4214-B338-63DAC3BAB384}
	EndGlobalSection
EndGlobal
